
Microsoft Visual Studio Solution File, Format Version 12.00
# Visual Studio Version 17
VisualStudioVersion = 17.3.32811.315
MinimumVisualStudioVersion = 10.0.40219.1
Project("{FAE04EC0-301F-11D3-BF4B-00C04F79EFBC}") = "crudly", "crudly\crudly.csproj", "{70EF0B6B-6FC4-42C9-B9C2-15449B060B88}"
EndProject
Global
	GlobalSection(SolutionConfigurationPlatforms) = preSolution
		Debug|Any CPU = Debug|Any CPU
		Release|Any CPU = Release|Any CPU
	EndGlobalSection
	GlobalSection(ProjectConfigurationPlatforms) = postSolution
		{70EF0B6B-6FC4-42C9-B9C2-15449B060B88}.Debug|Any CPU.ActiveCfg = Debug|Any CPU
		{70EF0B6B-6FC4-42C9-B9C2-15449B060B88}.Debug|Any CPU.Build.0 = Debug|Any CPU
		{70EF0B6B-6FC4-42C9-B9C2-15449B060B88}.Release|Any CPU.ActiveCfg = Release|Any CPU
		{70EF0B6B-6FC4-42C9-B9C2-15449B060B88}.Release|Any CPU.Build.0 = Release|Any CPU
	EndGlobalSection
	GlobalSection(SolutionProperties) = preSolution
		HideSolutionNode = FALSE
	EndGlobalSection
	GlobalSection(ExtensibilityGlobals) = postSolution
		SolutionGuid = {B7BC4D4C-E2BC-4509-BA53-5876EA0DB698}
	EndGlobalSection
EndGlobal
